
Microsoft Visual Studio Solution File, Format Version 12.00
# Visual Studio Version 16
VisualStudioVersion = 16.0.32002.261
MinimumVisualStudioVersion = 10.0.40219.1
Project("{FAE04EC0-301F-11D3-BF4B-00C04F79EFBC}") = "Online-recruitment-system", "Online-recruitment-system\Online-recruitment-system.csproj", "{2027BDB7-29B6-4785-A044-D2E4D21C877F}"
EndProject
Global
	GlobalSection(SolutionConfigurationPlatforms) = preSolution
		Debug|Any CPU = Debug|Any CPU
		Release|Any CPU = Release|Any CPU
	EndGlobalSection
	GlobalSection(ProjectConfigurationPlatforms) = postSolution
		{2027BDB7-29B6-4785-A044-D2E4D21C877F}.Debug|Any CPU.ActiveCfg = Debug|Any CPU
		{2027BDB7-29B6-4785-A044-D2E4D21C877F}.Debug|Any CPU.Build.0 = Debug|Any CPU
		{2027BDB7-29B6-4785-A044-D2E4D21C877F}.Release|Any CPU.ActiveCfg = Release|Any CPU
		{2027BDB7-29B6-4785-A044-D2E4D21C877F}.Release|Any CPU.Build.0 = Release|Any CPU
	EndGlobalSection
	GlobalSection(SolutionProperties) = preSolution
		HideSolutionNode = FALSE
	EndGlobalSection
	GlobalSection(ExtensibilityGlobals) = postSolution
		SolutionGuid = {491E6138-E6DE-437A-9CB9-92B6734A9D98}
	EndGlobalSection
EndGlobal
